// !$*UTF8*$!
{
	archiveVersion = 1;
	classes = {
	};
	objectVersion = 56;
	objects = {

/* Begin PBXBuildFile section */
		7007660028FDC14C001E057F /* ViewController.swift in Sources */ = {isa = PBXBuildFile; fileRef = 700765FF28FDC14C001E057F /* ViewController.swift */; };
		7007660228FDC154001E057F /* CollectionViewCell.swift in Sources */ = {isa = PBXBuildFile; fileRef = 7007660128FDC154001E057F /* CollectionViewCell.swift */; };
		7007660428FDC15B001E057F /* AddViewController.swift in Sources */ = {isa = PBXBuildFile; fileRef = 7007660328FDC15B001E057F /* AddViewController.swift */; };
		7007660628FDC161001E057F /* DetailsViewController.swift in Sources */ = {isa = PBXBuildFile; fileRef = 7007660528FDC161001E057F /* DetailsViewController.swift */; };
		7007660C28FDC954001E057F /* SettingsViewController.swift in Sources */ = {isa = PBXBuildFile; fileRef = 7007660B28FDC954001E057F /* SettingsViewController.swift */; };
		7007660E28FDC9C7001E057F /* SettingsPreferencesViewController.swift in Sources */ = {isa = PBXBuildFile; fileRef = 7007660D28FDC9C7001E057F /* SettingsPreferencesViewController.swift */; };
		705D1A6D28F3C093004DB729 /* AppDelegate.swift in Sources */ = {isa = PBXBuildFile; fileRef = 705D1A6C28F3C093004DB729 /* AppDelegate.swift */; };
		705D1A6F28F3C093004DB729 /* SceneDelegate.swift in Sources */ = {isa = PBXBuildFile; fileRef = 705D1A6E28F3C093004DB729 /* SceneDelegate.swift */; };
		705D1A7428F3C093004DB729 /* Main.storyboard in Resources */ = {isa = PBXBuildFile; fileRef = 705D1A7228F3C093004DB729 /* Main.storyboard */; };
		705D1A7728F3C093004DB729 /* Project.xcdatamodeld in Sources */ = {isa = PBXBuildFile; fileRef = 705D1A7528F3C093004DB729 /* Project.xcdatamodeld */; };
		705D1A7928F3C095004DB729 /* Assets.xcassets in Resources */ = {isa = PBXBuildFile; fileRef = 705D1A7828F3C095004DB729 /* Assets.xcassets */; };
		705D1A7C28F3C095004DB729 /* LaunchScreen.storyboard in Resources */ = {isa = PBXBuildFile; fileRef = 705D1A7A28F3C095004DB729 /* LaunchScreen.storyboard */; };
		705D1A8728F3C095004DB729 /* ProjectTests.swift in Sources */ = {isa = PBXBuildFile; fileRef = 705D1A8628F3C095004DB729 /* ProjectTests.swift */; };
		705D1A9128F3C095004DB729 /* ProjectUITests.swift in Sources */ = {isa = PBXBuildFile; fileRef = 705D1A9028F3C095004DB729 /* ProjectUITests.swift */; };
		705D1A9328F3C095004DB729 /* ProjectUITestsLaunchTests.swift in Sources */ = {isa = PBXBuildFile; fileRef = 705D1A9228F3C095004DB729 /* ProjectUITestsLaunchTests.swift */; };
		70723E2B28FC4E1B00764B95 /* GoogleService-Info.plist in Resources */ = {isa = PBXBuildFile; fileRef = 70723E2A28FC4E1A00764B95 /* GoogleService-Info.plist */; };
		70723E2E28FC4EA400764B95 /* FirebaseAuth in Frameworks */ = {isa = PBXBuildFile; productRef = 70723E2D28FC4EA400764B95 /* FirebaseAuth */; };
		70723E3028FC53E700764B95 /* LoginViewController.swift in Sources */ = {isa = PBXBuildFile; fileRef = 70723E2F28FC53E700764B95 /* LoginViewController.swift */; };
/* End PBXBuildFile section */

/* Begin PBXContainerItemProxy section */
		705D1A8328F3C095004DB729 /* PBXContainerItemProxy */ = {
			isa = PBXContainerItemProxy;
			containerPortal = 705D1A6128F3C093004DB729 /* Project object */;
			proxyType = 1;
			remoteGlobalIDString = 705D1A6828F3C093004DB729;
			remoteInfo = Project;
		};
		705D1A8D28F3C095004DB729 /* PBXContainerItemProxy */ = {
			isa = PBXContainerItemProxy;
			containerPortal = 705D1A6128F3C093004DB729 /* Project object */;
			proxyType = 1;
			remoteGlobalIDString = 705D1A6828F3C093004DB729;
			remoteInfo = Project;
		};
/* End PBXContainerItemProxy section */

/* Begin PBXFileReference section */
		700765FF28FDC14C001E057F /* ViewController.swift */ = {isa = PBXFileReference; fileEncoding = 4; lastKnownFileType = sourcecode.swift; path = ViewController.swift; sourceTree = "<group>"; };
		7007660128FDC154001E057F /* CollectionViewCell.swift */ = {isa = PBXFileReference; fileEncoding = 4; lastKnownFileType = sourcecode.swift; path = CollectionViewCell.swift; sourceTree = "<group>"; };
		7007660328FDC15B001E057F /* AddViewController.swift */ = {isa = PBXFileReference; fileEncoding = 4; lastKnownFileType = sourcecode.swift; path = AddViewController.swift; sourceTree = "<group>"; };
		7007660528FDC161001E057F /* DetailsViewController.swift */ = {isa = PBXFileReference; fileEncoding = 4; lastKnownFileType = sourcecode.swift; path = DetailsViewController.swift; sourceTree = "<group>"; };
		7007660B28FDC954001E057F /* SettingsViewController.swift */ = {isa = PBXFileReference; lastKnownFileType = sourcecode.swift; path = SettingsViewController.swift; sourceTree = "<group>"; };
		7007660D28FDC9C7001E057F /* SettingsPreferencesViewController.swift */ = {isa = PBXFileReference; lastKnownFileType = sourcecode.swift; path = SettingsPreferencesViewController.swift; sourceTree = "<group>"; };
		705D1A6928F3C093004DB729 /* Project.app */ = {isa = PBXFileReference; explicitFileType = wrapper.application; includeInIndex = 0; path = Project.app; sourceTree = BUILT_PRODUCTS_DIR; };
		705D1A6C28F3C093004DB729 /* AppDelegate.swift */ = {isa = PBXFileReference; lastKnownFileType = sourcecode.swift; path = AppDelegate.swift; sourceTree = "<group>"; };
		705D1A6E28F3C093004DB729 /* SceneDelegate.swift */ = {isa = PBXFileReference; lastKnownFileType = sourcecode.swift; path = SceneDelegate.swift; sourceTree = "<group>"; };
		705D1A7328F3C093004DB729 /* Base */ = {isa = PBXFileReference; lastKnownFileType = file.storyboard; name = Base; path = Base.lproj/Main.storyboard; sourceTree = "<group>"; };
		705D1A7628F3C093004DB729 /* Project.xcdatamodel */ = {isa = PBXFileReference; lastKnownFileType = wrapper.xcdatamodel; path = Project.xcdatamodel; sourceTree = "<group>"; };
		705D1A7828F3C095004DB729 /* Assets.xcassets */ = {isa = PBXFileReference; lastKnownFileType = folder.assetcatalog; path = Assets.xcassets; sourceTree = "<group>"; };
		705D1A7B28F3C095004DB729 /* Base */ = {isa = PBXFileReference; lastKnownFileType = file.storyboard; name = Base; path = Base.lproj/LaunchScreen.storyboard; sourceTree = "<group>"; };
		705D1A7D28F3C095004DB729 /* Info.plist */ = {isa = PBXFileReference; lastKnownFileType = text.plist.xml; path = Info.plist; sourceTree = "<group>"; };
		705D1A8228F3C095004DB729 /* ProjectTests.xctest */ = {isa = PBXFileReference; explicitFileType = wrapper.cfbundle; includeInIndex = 0; path = ProjectTests.xctest; sourceTree = BUILT_PRODUCTS_DIR; };
		705D1A8628F3C095004DB729 /* ProjectTests.swift */ = {isa = PBXFileReference; lastKnownFileType = sourcecode.swift; path = ProjectTests.swift; sourceTree = "<group>"; };
		705D1A8C28F3C095004DB729 /* ProjectUITests.xctest */ = {isa = PBXFileReference; explicitFileType = wrapper.cfbundle; includeInIndex = 0; path = ProjectUITests.xctest; sourceTree = BUILT_PRODUCTS_DIR; };
		705D1A9028F3C095004DB729 /* ProjectUITests.swift */ = {isa = PBXFileReference; lastKnownFileType = sourcecode.swift; path = ProjectUITests.swift; sourceTree = "<group>"; };
		705D1A9228F3C095004DB729 /* ProjectUITestsLaunchTests.swift */ = {isa = PBXFileReference; lastKnownFileType = sourcecode.swift; path = ProjectUITestsLaunchTests.swift; sourceTree = "<group>"; };
		70723E2A28FC4E1A00764B95 /* GoogleService-Info.plist */ = {isa = PBXFileReference; fileEncoding = 4; lastKnownFileType = text.plist.xml; path = "GoogleService-Info.plist"; sourceTree = "<group>"; };
		70723E2F28FC53E700764B95 /* LoginViewController.swift */ = {isa = PBXFileReference; lastKnownFileType = sourcecode.swift; path = LoginViewController.swift; sourceTree = "<group>"; };
/* End PBXFileReference section */

/* Begin PBXFrameworksBuildPhase section */
		705D1A6628F3C093004DB729 /* Frameworks */ = {
			isa = PBXFrameworksBuildPhase;
			buildActionMask = 2147483647;
			files = (
				70723E2E28FC4EA400764B95 /* FirebaseAuth in Frameworks */,
			);
			runOnlyForDeploymentPostprocessing = 0;
		};
		705D1A7F28F3C095004DB729 /* Frameworks */ = {
			isa = PBXFrameworksBuildPhase;
			buildActionMask = 2147483647;
			files = (
			);
			runOnlyForDeploymentPostprocessing = 0;
		};
		705D1A8928F3C095004DB729 /* Frameworks */ = {
			isa = PBXFrameworksBuildPhase;
			buildActionMask = 2147483647;
			files = (
			);
			runOnlyForDeploymentPostprocessing = 0;
		};
/* End PBXFrameworksBuildPhase section */

/* Begin PBXGroup section */
		705D1A6028F3C093004DB729 = {
			isa = PBXGroup;
			children = (
				705D1A6B28F3C093004DB729 /* Project */,
				705D1A8528F3C095004DB729 /* ProjectTests */,
				705D1A8F28F3C095004DB729 /* ProjectUITests */,
				705D1A6A28F3C093004DB729 /* Products */,
			);
			sourceTree = "<group>";
		};
		705D1A6A28F3C093004DB729 /* Products */ = {
			isa = PBXGroup;
			children = (
				705D1A6928F3C093004DB729 /* Project.app */,
				705D1A8228F3C095004DB729 /* ProjectTests.xctest */,
				705D1A8C28F3C095004DB729 /* ProjectUITests.xctest */,
			);
			name = Products;
			sourceTree = "<group>";
		};
		705D1A6B28F3C093004DB729 /* Project */ = {
			isa = PBXGroup;
			children = (
				705D1A6C28F3C093004DB729 /* AppDelegate.swift */,
				705D1A6E28F3C093004DB729 /* SceneDelegate.swift */,
				705D1A7228F3C093004DB729 /* Main.storyboard */,
				70723E2F28FC53E700764B95 /* LoginViewController.swift */,
				700765FF28FDC14C001E057F /* ViewController.swift */,
				7007660128FDC154001E057F /* CollectionViewCell.swift */,
				7007660328FDC15B001E057F /* AddViewController.swift */,
				7007660528FDC161001E057F /* DetailsViewController.swift */,
				7007660D28FDC9C7001E057F /* SettingsPreferencesViewController.swift */,
				7007660B28FDC954001E057F /* SettingsViewController.swift */,
				705D1A7828F3C095004DB729 /* Assets.xcassets */,
				705D1A7A28F3C095004DB729 /* LaunchScreen.storyboard */,
				705D1A7D28F3C095004DB729 /* Info.plist */,
				70723E2A28FC4E1A00764B95 /* GoogleService-Info.plist */,
				705D1A7528F3C093004DB729 /* Project.xcdatamodeld */,
			);
			path = Project;
			sourceTree = "<group>";
		};
		705D1A8528F3C095004DB729 /* ProjectTests */ = {
			isa = PBXGroup;
			children = (
				705D1A8628F3C095004DB729 /* ProjectTests.swift */,
			);
			path = ProjectTests;
			sourceTree = "<group>";
		};
		705D1A8F28F3C095004DB729 /* ProjectUITests */ = {
			isa = PBXGroup;
			children = (
				705D1A9028F3C095004DB729 /* ProjectUITests.swift */,
				705D1A9228F3C095004DB729 /* ProjectUITestsLaunchTests.swift */,
			);
			path = ProjectUITests;
			sourceTree = "<group>";
		};
/* End PBXGroup section */

/* Begin PBXNativeTarget section */
		705D1A6828F3C093004DB729 /* Project */ = {
			isa = PBXNativeTarget;
			buildConfigurationList = 705D1A9628F3C095004DB729 /* Build configuration list for PBXNativeTarget "Project" */;
			buildPhases = (
				705D1A6528F3C093004DB729 /* Sources */,
				705D1A6628F3C093004DB729 /* Frameworks */,
				705D1A6728F3C093004DB729 /* Resources */,
			);
			buildRules = (
			);
			dependencies = (
			);
			name = Project;
			packageProductDependencies = (
				70723E2D28FC4EA400764B95 /* FirebaseAuth */,
			);
			productName = Project;
			productReference = 705D1A6928F3C093004DB729 /* Project.app */;
			productType = "com.apple.product-type.application";
		};
		705D1A8128F3C095004DB729 /* ProjectTests */ = {
			isa = PBXNativeTarget;
			buildConfigurationList = 705D1A9928F3C095004DB729 /* Build configuration list for PBXNativeTarget "ProjectTests" */;
			buildPhases = (
				705D1A7E28F3C095004DB729 /* Sources */,
				705D1A7F28F3C095004DB729 /* Frameworks */,
				705D1A8028F3C095004DB729 /* Resources */,
			);
			buildRules = (
			);
			dependencies = (
				705D1A8428F3C095004DB729 /* PBXTargetDependency */,
			);
			name = ProjectTests;
			productName = ProjectTests;
			productReference = 705D1A8228F3C095004DB729 /* ProjectTests.xctest */;
			productType = "com.apple.product-type.bundle.unit-test";
		};
		705D1A8B28F3C095004DB729 /* ProjectUITests */ = {
			isa = PBXNativeTarget;
			buildConfigurationList = 705D1A9C28F3C095004DB729 /* Build configuration list for PBXNativeTarget "ProjectUITests" */;
			buildPhases = (
				705D1A8828F3C095004DB729 /* Sources */,
				705D1A8928F3C095004DB729 /* Frameworks */,
				705D1A8A28F3C095004DB729 /* Resources */,
			);
			buildRules = (
			);
			dependencies = (
				705D1A8E28F3C095004DB729 /* PBXTargetDependency */,
			);
			name = ProjectUITests;
			productName = ProjectUITests;
			productReference = 705D1A8C28F3C095004DB729 /* ProjectUITests.xctest */;
			productType = "com.apple.product-type.bundle.ui-testing";
		};
/* End PBXNativeTarget section */

/* Begin PBXProject section */
		705D1A6128F3C093004DB729 /* Project object */ = {
			isa = PBXProject;
			attributes = {
				BuildIndependentTargetsInParallel = 1;
				LastSwiftUpdateCheck = 1400;
				LastUpgradeCheck = 1400;
				TargetAttributes = {
					705D1A6828F3C093004DB729 = {
						CreatedOnToolsVersion = 14.0.1;
					};
					705D1A8128F3C095004DB729 = {
						CreatedOnToolsVersion = 14.0.1;
						TestTargetID = 705D1A6828F3C093004DB729;
					};
					705D1A8B28F3C095004DB729 = {
						CreatedOnToolsVersion = 14.0.1;
						TestTargetID = 705D1A6828F3C093004DB729;
					};
				};
			};
			buildConfigurationList = 705D1A6428F3C093004DB729 /* Build configuration list for PBXProject "Project" */;
			compatibilityVersion = "Xcode 14.0";
			developmentRegion = en;
			hasScannedForEncodings = 0;
			knownRegions = (
				en,
				Base,
			);
			mainGroup = 705D1A6028F3C093004DB729;
			packageReferences = (
				70723E2C28FC4EA400764B95 /* XCRemoteSwiftPackageReference "firebase-ios-sdk" */,
			);
			productRefGroup = 705D1A6A28F3C093004DB729 /* Products */;
			projectDirPath = "";
			projectRoot = "";
			targets = (
				705D1A6828F3C093004DB729 /* Project */,
				705D1A8128F3C095004DB729 /* ProjectTests */,
				705D1A8B28F3C095004DB729 /* ProjectUITests */,
			);
		};
/* End PBXProject section */

/* Begin PBXResourcesBuildPhase section */
		705D1A6728F3C093004DB729 /* Resources */ = {
			isa = PBXResourcesBuildPhase;
			buildActionMask = 2147483647;
			files = (
				705D1A7C28F3C095004DB729 /* LaunchScreen.storyboard in Resources */,
				70723E2B28FC4E1B00764B95 /* GoogleService-Info.plist in Resources */,
				705D1A7928F3C095004DB729 /* Assets.xcassets in Resources */,
				705D1A7428F3C093004DB729 /* Main.storyboard in Resources */,
			);
			runOnlyForDeploymentPostprocessing = 0;
		};
		705D1A8028F3C095004DB729 /* Resources */ = {
			isa = PBXResourcesBuildPhase;
			buildActionMask = 2147483647;
			files = (
			);
			runOnlyForDeploymentPostprocessing = 0;
		};
		705D1A8A28F3C095004DB729 /* Resources */ = {
			isa = PBXResourcesBuildPhase;
			buildActionMask = 2147483647;
			files = (
			);
			runOnlyForDeploymentPostprocessing = 0;
		};
/* End PBXResourcesBuildPhase section */

/* Begin PBXSourcesBuildPhase section */
		705D1A6528F3C093004DB729 /* Sources */ = {
			isa = PBXSourcesBuildPhase;
			buildActionMask = 2147483647;
			files = (
				7007660028FDC14C001E057F /* ViewController.swift in Sources */,
				70723E3028FC53E700764B95 /* LoginViewController.swift in Sources */,
				7007660E28FDC9C7001E057F /* SettingsPreferencesViewController.swift in Sources */,
				7007660C28FDC954001E057F /* SettingsViewController.swift in Sources */,
				7007660428FDC15B001E057F /* AddViewController.swift in Sources */,
				7007660628FDC161001E057F /* DetailsViewController.swift in Sources */,
				7007660228FDC154001E057F /* CollectionViewCell.swift in Sources */,
				705D1A6D28F3C093004DB729 /* AppDelegate.swift in Sources */,
				705D1A6F28F3C093004DB729 /* SceneDelegate.swift in Sources */,
				705D1A7728F3C093004DB729 /* Project.xcdatamodeld in Sources */,
			);
			runOnlyForDeploymentPostprocessing = 0;
		};
		705D1A7E28F3C095004DB729 /* Sources */ = {
			isa = PBXSourcesBuildPhase;
			buildActionMask = 2147483647;
			files = (
				705D1A8728F3C095004DB729 /* ProjectTests.swift in Sources */,
			);
			runOnlyForDeploymentPostprocessing = 0;
		};
		705D1A8828F3C095004DB729 /* Sources */ = {
			isa = PBXSourcesBuildPhase;
			buildActionMask = 2147483647;
			files = (
				705D1A9328F3C095004DB729 /* ProjectUITestsLaunchTests.swift in Sources */,
				705D1A9128F3C095004DB729 /* ProjectUITests.swift in Sources */,
			);
			runOnlyForDeploymentPostprocessing = 0;
		};
/* End PBXSourcesBuildPhase section */

/* Begin PBXTargetDependency section */
		705D1A8428F3C095004DB729 /* PBXTargetDependency */ = {
			isa = PBXTargetDependency;
			target = 705D1A6828F3C093004DB729 /* Project */;
			targetProxy = 705D1A8328F3C095004DB729 /* PBXContainerItemProxy */;
		};
		705D1A8E28F3C095004DB729 /* PBXTargetDependency */ = {
			isa = PBXTargetDependency;
			target = 705D1A6828F3C093004DB729 /* Project */;
			targetProxy = 705D1A8D28F3C095004DB729 /* PBXContainerItemProxy */;
		};
/* End PBXTargetDependency section */

/* Begin PBXVariantGroup section */
		705D1A7228F3C093004DB729 /* Main.storyboard */ = {
			isa = PBXVariantGroup;
			children = (
				705D1A7328F3C093004DB729 /* Base */,
			);
			name = Main.storyboard;
			sourceTree = "<group>";
		};
		705D1A7A28F3C095004DB729 /* LaunchScreen.storyboard */ = {
			isa = PBXVariantGroup;
			children = (
				705D1A7B28F3C095004DB729 /* Base */,
			);
			name = LaunchScreen.storyboard;
			sourceTree = "<group>";
		};
/* End PBXVariantGroup section */

/* Begin XCBuildConfiguration section */
		705D1A9428F3C095004DB729 /* Debug */ = {
			isa = XCBuildConfiguration;
			buildSettings = {
				ALWAYS_SEARCH_USER_PATHS = NO;
				CLANG_ANALYZER_NONNULL = YES;
				CLANG_ANALYZER_NUMBER_OBJECT_CONVERSION = YES_AGGRESSIVE;
				CLANG_CXX_LANGUAGE_STANDARD = "gnu++20";
				CLANG_ENABLE_MODULES = YES;
				CLANG_ENABLE_OBJC_ARC = YES;
				CLANG_ENABLE_OBJC_WEAK = YES;
				CLANG_WARN_BLOCK_CAPTURE_AUTORELEASING = YES;
				CLANG_WARN_BOOL_CONVERSION = YES;
				CLANG_WARN_COMMA = YES;
				CLANG_WARN_CONSTANT_CONVERSION = YES;
				CLANG_WARN_DEPRECATED_OBJC_IMPLEMENTATIONS = YES;
				CLANG_WARN_DIRECT_OBJC_ISA_USAGE = YES_ERROR;
				CLANG_WARN_DOCUMENTATION_COMMENTS = YES;
				CLANG_WARN_EMPTY_BODY = YES;
				CLANG_WARN_ENUM_CONVERSION = YES;
				CLANG_WARN_INFINITE_RECURSION = YES;
				CLANG_WARN_INT_CONVERSION = YES;
				CLANG_WARN_NON_LITERAL_NULL_CONVERSION = YES;
				CLANG_WARN_OBJC_IMPLICIT_RETAIN_SELF = YES;
				CLANG_WARN_OBJC_LITERAL_CONVERSION = YES;
				CLANG_WARN_OBJC_ROOT_CLASS = YES_ERROR;
				CLANG_WARN_QUOTED_INCLUDE_IN_FRAMEWORK_HEADER = YES;
				CLANG_WARN_RANGE_LOOP_ANALYSIS = YES;
				CLANG_WARN_STRICT_PROTOTYPES = YES;
				CLANG_WARN_SUSPICIOUS_MOVE = YES;
				CLANG_WARN_UNGUARDED_AVAILABILITY = YES_AGGRESSIVE;
				CLANG_WARN_UNREACHABLE_CODE = YES;
				CLANG_WARN__DUPLICATE_METHOD_MATCH = YES;
				COPY_PHASE_STRIP = NO;
				DEBUG_INFORMATION_FORMAT = dwarf;
				ENABLE_STRICT_OBJC_MSGSEND = YES;
				ENABLE_TESTABILITY = YES;
				GCC_C_LANGUAGE_STANDARD = gnu11;
				GCC_DYNAMIC_NO_PIC = NO;
				GCC_NO_COMMON_BLOCKS = YES;
				GCC_OPTIMIZATION_LEVEL = 0;
				GCC_PREPROCESSOR_DEFINITIONS = (
					"DEBUG=1",
					"$(inherited)",
				);
				GCC_WARN_64_TO_32_BIT_CONVERSION = YES;
				GCC_WARN_ABOUT_RETURN_TYPE = YES_ERROR;
				GCC_WARN_UNDECLARED_SELECTOR = YES;
				GCC_WARN_UNINITIALIZED_AUTOS = YES_AGGRESSIVE;
				GCC_WARN_UNUSED_FUNCTION = YES;
				GCC_WARN_UNUSED_VARIABLE = YES;
				IPHONEOS_DEPLOYMENT_TARGET = 16.0;
				MTL_ENABLE_DEBUG_INFO = INCLUDE_SOURCE;
				MTL_FAST_MATH = YES;
				ONLY_ACTIVE_ARCH = YES;
				SDKROOT = iphoneos;
				SWIFT_ACTIVE_COMPILATION_CONDITIONS = DEBUG;
				SWIFT_OPTIMIZATION_LEVEL = "-Onone";
			};
			name = Debug;
		};
		705D1A9528F3C095004DB729 /* Release */ = {
			isa = XCBuildConfiguration;
			buildSettings = {
				ALWAYS_SEARCH_USER_PATHS = NO;
				CLANG_ANALYZER_NONNULL = YES;
				CLANG_ANALYZER_NUMBER_OBJECT_CONVERSION = YES_AGGRESSIVE;
				CLANG_CXX_LANGUAGE_STANDARD = "gnu++20";
				CLANG_ENABLE_MODULES = YES;
				CLANG_ENABLE_OBJC_ARC = YES;
				CLANG_ENABLE_OBJC_WEAK = YES;
				CLANG_WARN_BLOCK_CAPTURE_AUTORELEASING = YES;
				CLANG_WARN_BOOL_CONVERSION = YES;
				CLANG_WARN_COMMA = YES;
				CLANG_WARN_CONSTANT_CONVERSION = YES;
				CLANG_WARN_DEPRECATED_OBJC_IMPLEMENTATIONS = YES;
				CLANG_WARN_DIRECT_OBJC_ISA_USAGE = YES_ERROR;
				CLANG_WARN_DOCUMENTATION_COMMENTS = YES;
				CLANG_WARN_EMPTY_BODY = YES;
				CLANG_WARN_ENUM_CONVERSION = YES;
				CLANG_WARN_INFINITE_RECURSION = YES;
				CLANG_WARN_INT_CONVERSION = YES;
				CLANG_WARN_NON_LITERAL_NULL_CONVERSION = YES;
				CLANG_WARN_OBJC_IMPLICIT_RETAIN_SELF = YES;
				CLANG_WARN_OBJC_LITERAL_CONVERSION = YES;
				CLANG_WARN_OBJC_ROOT_CLASS = YES_ERROR;
				CLANG_WARN_QUOTED_INCLUDE_IN_FRAMEWORK_HEADER = YES;
				CLANG_WARN_RANGE_LOOP_ANALYSIS = YES;
				CLANG_WARN_STRICT_PROTOTYPES = YES;
				CLANG_WARN_SUSPICIOUS_MOVE = YES;
				CLANG_WARN_UNGUARDED_AVAILABILITY = YES_AGGRESSIVE;
				CLANG_WARN_UNREACHABLE_CODE = YES;
				CLANG_WARN__DUPLICATE_METHOD_MATCH = YES;
				COPY_PHASE_STRIP = NO;
				DEBUG_INFORMATION_FORMAT = "dwarf-with-dsym";
				ENABLE_NS_ASSERTIONS = NO;
				ENABLE_STRICT_OBJC_MSGSEND = YES;
				GCC_C_LANGUAGE_STANDARD = gnu11;
				GCC_NO_COMMON_BLOCKS = YES;
				GCC_WARN_64_TO_32_BIT_CONVERSION = YES;
				GCC_WARN_ABOUT_RETURN_TYPE = YES_ERROR;
				GCC_WARN_UNDECLARED_SELECTOR = YES;
				GCC_WARN_UNINITIALIZED_AUTOS = YES_AGGRESSIVE;
				GCC_WARN_UNUSED_FUNCTION = YES;
				GCC_WARN_UNUSED_VARIABLE = YES;
				IPHONEOS_DEPLOYMENT_TARGET = 16.0;
				MTL_ENABLE_DEBUG_INFO = NO;
				MTL_FAST_MATH = YES;
				SDKROOT = iphoneos;
				SWIFT_COMPILATION_MODE = wholemodule;
				SWIFT_OPTIMIZATION_LEVEL = "-O";
				VALIDATE_PRODUCT = YES;
			};
			name = Release;
		};
		705D1A9728F3C095004DB729 /* Debug */ = {
			isa = XCBuildConfiguration;
			buildSettings = {
				ASSETCATALOG_COMPILER_APPICON_NAME = AppIcon;
				ASSETCATALOG_COMPILER_GLOBAL_ACCENT_COLOR_NAME = AccentColor;
				CODE_SIGN_STYLE = Automatic;
				CURRENT_PROJECT_VERSION = 1;
				DEVELOPMENT_TEAM = CDFJH7Q633;
				GENERATE_INFOPLIST_FILE = YES;
				INFOPLIST_FILE = Project/Info.plist;
				INFOPLIST_KEY_UIApplicationSupportsIndirectInputEvents = YES;
				INFOPLIST_KEY_UILaunchStoryboardName = LaunchScreen;
				INFOPLIST_KEY_UIMainStoryboardFile = Main;
				INFOPLIST_KEY_UISupportedInterfaceOrientations_iPad = "UIInterfaceOrientationPortrait UIInterfaceOrientationPortraitUpsideDown UIInterfaceOrientationLandscapeLeft UIInterfaceOrientationLandscapeRight";
				INFOPLIST_KEY_UISupportedInterfaceOrientations_iPhone = "UIInterfaceOrientationPortrait UIInterfaceOrientationLandscapeLeft UIInterfaceOrientationLandscapeRight";
				LD_RUNPATH_SEARCH_PATHS = (
					"$(inherited)",
					"@executable_path/Frameworks",
				);
				MARKETING_VERSION = 1.0;
				PRODUCT_BUNDLE_IDENTIFIER = rbs2362.Project;
				PRODUCT_NAME = "$(TARGET_NAME)";
				SWIFT_EMIT_LOC_STRINGS = YES;
				SWIFT_VERSION = 5.0;
				TARGETED_DEVICE_FAMILY = "1,2";
			};
			name = Debug;
		};
		705D1A9828F3C095004DB729 /* Release */ = {
			isa = XCBuildConfiguration;
			buildSettings = {
				ASSETCATALOG_COMPILER_APPICON_NAME = AppIcon;
				ASSETCATALOG_COMPILER_GLOBAL_ACCENT_COLOR_NAME = AccentColor;
				CODE_SIGN_STYLE = Automatic;
				CURRENT_PROJECT_VERSION = 1;
				DEVELOPMENT_TEAM = CDFJH7Q633;
				GENERATE_INFOPLIST_FILE = YES;
				INFOPLIST_FILE = Project/Info.plist;
				INFOPLIST_KEY_UIApplicationSupportsIndirectInputEvents = YES;
				INFOPLIST_KEY_UILaunchStoryboardName = LaunchScreen;
				INFOPLIST_KEY_UIMainStoryboardFile = Main;
				INFOPLIST_KEY_UISupportedInterfaceOrientations_iPad = "UIInterfaceOrientationPortrait UIInterfaceOrientationPortraitUpsideDown UIInterfaceOrientationLandscapeLeft UIInterfaceOrientationLandscapeRight";
				INFOPLIST_KEY_UISupportedInterfaceOrientations_iPhone = "UIInterfaceOrientationPortrait UIInterfaceOrientationLandscapeLeft UIInterfaceOrientationLandscapeRight";
				LD_RUNPATH_SEARCH_PATHS = (
					"$(inherited)",
					"@executable_path/Frameworks",
				);
				MARKETING_VERSION = 1.0;
				PRODUCT_BUNDLE_IDENTIFIER = rbs2362.Project;
				PRODUCT_NAME = "$(TARGET_NAME)";
				SWIFT_EMIT_LOC_STRINGS = YES;
				SWIFT_VERSION = 5.0;
				TARGETED_DEVICE_FAMILY = "1,2";
			};
			name = Release;
		};
		705D1A9A28F3C095004DB729 /* Debug */ = {
			isa = XCBuildConfiguration;
			buildSettings = {
				ALWAYS_EMBED_SWIFT_STANDARD_LIBRARIES = YES;
				BUNDLE_LOADER = "$(TEST_HOST)";
				CODE_SIGN_STYLE = Automatic;
				CURRENT_PROJECT_VERSION = 1;
				DEVELOPMENT_TEAM = CDFJH7Q633;
				GENERATE_INFOPLIST_FILE = YES;
				IPHONEOS_DEPLOYMENT_TARGET = 16.0;
				MARKETING_VERSION = 1.0;
				PRODUCT_BUNDLE_IDENTIFIER = rbs2362.ProjectTests;
				PRODUCT_NAME = "$(TARGET_NAME)";
				SWIFT_EMIT_LOC_STRINGS = NO;
				SWIFT_VERSION = 5.0;
				TARGETED_DEVICE_FAMILY = "1,2";
				TEST_HOST = "$(BUILT_PRODUCTS_DIR)/Project.app/$(BUNDLE_EXECUTABLE_FOLDER_PATH)/Project";
			};
			name = Debug;
		};
		705D1A9B28F3C095004DB729 /* Release */ = {
			isa = XCBuildConfiguration;
			buildSettings = {
				ALWAYS_EMBED_SWIFT_STANDARD_LIBRARIES = YES;
				BUNDLE_LOADER = "$(TEST_HOST)";
				CODE_SIGN_STYLE = Automatic;
				CURRENT_PROJECT_VERSION = 1;
				DEVELOPMENT_TEAM = CDFJH7Q633;
				GENERATE_INFOPLIST_FILE = YES;
				IPHONEOS_DEPLOYMENT_TARGET = 16.0;
				MARKETING_VERSION = 1.0;
				PRODUCT_BUNDLE_IDENTIFIER = rbs2362.ProjectTests;
				PRODUCT_NAME = "$(TARGET_NAME)";
				SWIFT_EMIT_LOC_STRINGS = NO;
				SWIFT_VERSION = 5.0;
				TARGETED_DEVICE_FAMILY = "1,2";
				TEST_HOST = "$(BUILT_PRODUCTS_DIR)/Project.app/$(BUNDLE_EXECUTABLE_FOLDER_PATH)/Project";
			};
			name = Release;
		};
		705D1A9D28F3C095004DB729 /* Debug */ = {
			isa = XCBuildConfiguration;
			buildSettings = {
				ALWAYS_EMBED_SWIFT_STANDARD_LIBRARIES = YES;
				CODE_SIGN_STYLE = Automatic;
				CURRENT_PROJECT_VERSION = 1;
				DEVELOPMENT_TEAM = CDFJH7Q633;
				GENERATE_INFOPLIST_FILE = YES;
				MARKETING_VERSION = 1.0;
				PRODUCT_BUNDLE_IDENTIFIER = rbs2362.ProjectUITests;
				PRODUCT_NAME = "$(TARGET_NAME)";
				SWIFT_EMIT_LOC_STRINGS = NO;
				SWIFT_VERSION = 5.0;
				TARGETED_DEVICE_FAMILY = "1,2";
				TEST_TARGET_NAME = Project;
			};
			name = Debug;
		};
		705D1A9E28F3C095004DB729 /* Release */ = {
			isa = XCBuildConfiguration;
			buildSettings = {
				ALWAYS_EMBED_SWIFT_STANDARD_LIBRARIES = YES;
				CODE_SIGN_STYLE = Automatic;
				CURRENT_PROJECT_VERSION = 1;
				DEVELOPMENT_TEAM = CDFJH7Q633;
				GENERATE_INFOPLIST_FILE = YES;
				MARKETING_VERSION = 1.0;
				PRODUCT_BUNDLE_IDENTIFIER = rbs2362.ProjectUITests;
				PRODUCT_NAME = "$(TARGET_NAME)";
				SWIFT_EMIT_LOC_STRINGS = NO;
				SWIFT_VERSION = 5.0;
				TARGETED_DEVICE_FAMILY = "1,2";
				TEST_TARGET_NAME = Project;
			};
			name = Release;
		};
/* End XCBuildConfiguration section */

/* Begin XCConfigurationList section */
		705D1A6428F3C093004DB729 /* Build configuration list for PBXProject "Project" */ = {
			isa = XCConfigurationList;
			buildConfigurations = (
				705D1A9428F3C095004DB729 /* Debug */,
				705D1A9528F3C095004DB729 /* Release */,
			);
			defaultConfigurationIsVisible = 0;
			defaultConfigurationName = Release;
		};
		705D1A9628F3C095004DB729 /* Build configuration list for PBXNativeTarget "Project" */ = {
			isa = XCConfigurationList;
			buildConfigurations = (
				705D1A9728F3C095004DB729 /* Debug */,
				705D1A9828F3C095004DB729 /* Release */,
			);
			defaultConfigurationIsVisible = 0;
			defaultConfigurationName = Release;
		};
		705D1A9928F3C095004DB729 /* Build configuration list for PBXNativeTarget "ProjectTests" */ = {
			isa = XCConfigurationList;
			buildConfigurations = (
				705D1A9A28F3C095004DB729 /* Debug */,
				705D1A9B28F3C095004DB729 /* Release */,
			);
			defaultConfigurationIsVisible = 0;
			defaultConfigurationName = Release;
		};
		705D1A9C28F3C095004DB729 /* Build configuration list for PBXNativeTarget "ProjectUITests" */ = {
			isa = XCConfigurationList;
			buildConfigurations = (
				705D1A9D28F3C095004DB729 /* Debug */,
				705D1A9E28F3C095004DB729 /* Release */,
			);
			defaultConfigurationIsVisible = 0;
			defaultConfigurationName = Release;
		};
/* End XCConfigurationList section */

/* Begin XCRemoteSwiftPackageReference section */
		70723E2C28FC4EA400764B95 /* XCRemoteSwiftPackageReference "firebase-ios-sdk" */ = {
			isa = XCRemoteSwiftPackageReference;
			repositoryURL = "https://github.com/firebase/firebase-ios-sdk";
			requirement = {
				branch = master;
				kind = branch;
			};
		};
/* End XCRemoteSwiftPackageReference section */

/* Begin XCSwiftPackageProductDependency section */
		70723E2D28FC4EA400764B95 /* FirebaseAuth */ = {
			isa = XCSwiftPackageProductDependency;
			package = 70723E2C28FC4EA400764B95 /* XCRemoteSwiftPackageReference "firebase-ios-sdk" */;
			productName = FirebaseAuth;
		};
/* End XCSwiftPackageProductDependency section */

/* Begin XCVersionGroup section */
		705D1A7528F3C093004DB729 /* Project.xcdatamodeld */ = {
			isa = XCVersionGroup;
			children = (
				705D1A7628F3C093004DB729 /* Project.xcdatamodel */,
			);
			currentVersion = 705D1A7628F3C093004DB729 /* Project.xcdatamodel */;
			path = Project.xcdatamodeld;
			sourceTree = "<group>";
			versionGroupType = wrapper.xcdatamodel;
		};
/* End XCVersionGroup section */
	};
	rootObject = 705D1A6128F3C093004DB729 /* Project object */;
}
